// !$*UTF8*$!
{
	archiveVersion = 1;
	classes = {
	};
	objectVersion = 48;
	objects = {

/* Begin PBXBuildFile section */
		E9BC7FF62037CB9500DDDC5B /* AppDelegate.swift in Sources */ = {isa = PBXBuildFile; fileRef = E9BC7FF52037CB9500DDDC5B /* AppDelegate.swift */; };
		E9BC7FF82037CB9500DDDC5B /* ViewController.swift in Sources */ = {isa = PBXBuildFile; fileRef = E9BC7FF72037CB9500DDDC5B /* ViewController.swift */; };
		E9BC7FFB2037CB9500DDDC5B /* Main.storyboard in Resources */ = {isa = PBXBuildFile; fileRef = E9BC7FF92037CB9500DDDC5B /* Main.storyboard */; };
		E9BC7FFD2037CB9500DDDC5B /* Assets.xcassets in Resources */ = {isa = PBXBuildFile; fileRef = E9BC7FFC2037CB9500DDDC5B /* Assets.xcassets */; };
		E9BC80002037CB9500DDDC5B /* LaunchScreen.storyboard in Resources */ = {isa = PBXBuildFile; fileRef = E9BC7FFE2037CB9500DDDC5B /* LaunchScreen.storyboard */; };
		E9BC800B2037CB9500DDDC5B /* TechMonTests.swift in Sources */ = {isa = PBXBuildFile; fileRef = E9BC800A2037CB9500DDDC5B /* TechMonTests.swift */; };
		E9BC80162037CB9500DDDC5B /* TechMonUITests.swift in Sources */ = {isa = PBXBuildFile; fileRef = E9BC80152037CB9500DDDC5B /* TechMonUITests.swift */; };
		E9BC803E2037CBEF00DDDC5B /* Icon in Resources */ = {isa = PBXBuildFile; fileRef = E9BC80242037CBEE00DDDC5B /* Icon */; };
		E9BC803F2037CBEF00DDDC5B /* lobby.png in Resources */ = {isa = PBXBuildFile; fileRef = E9BC80262037CBEE00DDDC5B /* lobby.png */; };
		E9BC80402037CBEF00DDDC5B /* battlebg.png in Resources */ = {isa = PBXBuildFile; fileRef = E9BC80272037CBEE00DDDC5B /* battlebg.png */; };
		E9BC80412037CBEF00DDDC5B /* bgimage.jpg in Resources */ = {isa = PBXBuildFile; fileRef = E9BC80282037CBEE00DDDC5B /* bgimage.jpg */; };
		E9BC80422037CBEF00DDDC5B /* Icon in Resources */ = {isa = PBXBuildFile; fileRef = E9BC80292037CBEE00DDDC5B /* Icon */; };
		E9BC80432037CBEF00DDDC5B /* waku.png in Resources */ = {isa = PBXBuildFile; fileRef = E9BC802A2037CBEE00DDDC5B /* waku.png */; };
		E9BC80442037CBEF00DDDC5B /* gold_button.png in Resources */ = {isa = PBXBuildFile; fileRef = E9BC802B2037CBEE00DDDC5B /* gold_button.png */; };
		E9BC80452037CBEF00DDDC5B /* yusya.png in Resources */ = {isa = PBXBuildFile; fileRef = E9BC802C2037CBEE00DDDC5B /* yusya.png */; };
		E9BC80462037CBEF00DDDC5B /* monster.png in Resources */ = {isa = PBXBuildFile; fileRef = E9BC802D2037CBEE00DDDC5B /* monster.png */; };
		E9BC80472037CBEF00DDDC5B /* Icon in Resources */ = {isa = PBXBuildFile; fileRef = E9BC802F2037CBEE00DDDC5B /* Icon */; };
		E9BC80482037CBEF00DDDC5B /* TechMonManager.swift in Sources */ = {isa = PBXBuildFile; fileRef = E9BC80302037CBEE00DDDC5B /* TechMonManager.swift */; };
		E9BC80492037CBEF00DDDC5B /* Character.swift in Sources */ = {isa = PBXBuildFile; fileRef = E9BC80312037CBEE00DDDC5B /* Character.swift */; };
		E9BC804A2037CBEF00DDDC5B /* SE_fanfare.mp3 in Resources */ = {isa = PBXBuildFile; fileRef = E9BC80332037CBEE00DDDC5B /* SE_fanfare.mp3 */; };
		E9BC804B2037CBEF00DDDC5B /* BGM_battle001.mp3 in Resources */ = {isa = PBXBuildFile; fileRef = E9BC80342037CBEE00DDDC5B /* BGM_battle001.mp3 */; };
		E9BC804C2037CBEF00DDDC5B /* Icon in Resources */ = {isa = PBXBuildFile; fileRef = E9BC80352037CBEE00DDDC5B /* Icon */; };
		E9BC804D2037CBEF00DDDC5B /* SE_fire.mp3 in Resources */ = {isa = PBXBuildFile; fileRef = E9BC80362037CBEE00DDDC5B /* SE_fire.mp3 */; };
		E9BC804E2037CBEF00DDDC5B /* SE_attack.mp3 in Resources */ = {isa = PBXBuildFile; fileRef = E9BC80372037CBEE00DDDC5B /* SE_attack.mp3 */; };
		E9BC804F2037CBEF00DDDC5B /* SE_gameover.mp3 in Resources */ = {isa = PBXBuildFile; fileRef = E9BC80382037CBEE00DDDC5B /* SE_gameover.mp3 */; };
		E9BC80502037CBEF00DDDC5B /* SE_charge.mp3 in Resources */ = {isa = PBXBuildFile; fileRef = E9BC80392037CBEE00DDDC5B /* SE_charge.mp3 */; };
		E9BC80512037CBEF00DDDC5B /* lobby.mp3 in Resources */ = {isa = PBXBuildFile; fileRef = E9BC803A2037CBEE00DDDC5B /* lobby.mp3 */; };
		E9BC80522037CBEF00DDDC5B /* Icon in Resources */ = {isa = PBXBuildFile; fileRef = E9BC803C2037CBEE00DDDC5B /* Icon */; };
		E9BC80532037CBEF00DDDC5B /* misaki_gothic.ttf in Resources */ = {isa = PBXBuildFile; fileRef = E9BC803D2037CBEE00DDDC5B /* misaki_gothic.ttf */; };
		E9BC80552037D27C00DDDC5B /* LobbyViewController.swift in Sources */ = {isa = PBXBuildFile; fileRef = E9BC80542037D27C00DDDC5B /* LobbyViewController.swift */; };
		E9BC80572037D2B100DDDC5B /* BattleViewController.swift in Sources */ = {isa = PBXBuildFile; fileRef = E9BC80562037D2B100DDDC5B /* BattleViewController.swift */; };
/* End PBXBuildFile section */

/* Begin PBXContainerItemProxy section */
		E9BC80072037CB9500DDDC5B /* PBXContainerItemProxy */ = {
			isa = PBXContainerItemProxy;
			containerPortal = E9BC7FEA2037CB9500DDDC5B /* Project object */;
			proxyType = 1;
			remoteGlobalIDString = E9BC7FF12037CB9500DDDC5B;
			remoteInfo = TechMon;
		};
		E9BC80122037CB9500DDDC5B /* PBXContainerItemProxy */ = {
			isa = PBXContainerItemProxy;
			containerPortal = E9BC7FEA2037CB9500DDDC5B /* Project object */;
			proxyType = 1;
			remoteGlobalIDString = E9BC7FF12037CB9500DDDC5B;
			remoteInfo = TechMon;
		};
/* End PBXContainerItemProxy section */

/* Begin PBXFileReference section */
		E9BC7FF22037CB9500DDDC5B /* TechMon.app */ = {isa = PBXFileReference; explicitFileType = wrapper.application; includeInIndex = 0; path = TechMon.app; sourceTree = BUILT_PRODUCTS_DIR; };
		E9BC7FF52037CB9500DDDC5B /* AppDelegate.swift */ = {isa = PBXFileReference; lastKnownFileType = sourcecode.swift; path = AppDelegate.swift; sourceTree = "<group>"; };
		E9BC7FF72037CB9500DDDC5B /* ViewController.swift */ = {isa = PBXFileReference; lastKnownFileType = sourcecode.swift; path = ViewController.swift; sourceTree = "<group>"; };
		E9BC7FFA2037CB9500DDDC5B /* Base */ = {isa = PBXFileReference; lastKnownFileType = file.storyboard; name = Base; path = Base.lproj/Main.storyboard; sourceTree = "<group>"; };
		E9BC7FFC2037CB9500DDDC5B /* Assets.xcassets */ = {isa = PBXFileReference; lastKnownFileType = folder.assetcatalog; path = Assets.xcassets; sourceTree = "<group>"; };
		E9BC7FFF2037CB9500DDDC5B /* Base */ = {isa = PBXFileReference; lastKnownFileType = file.storyboard; name = Base; path = Base.lproj/LaunchScreen.storyboard; sourceTree = "<group>"; };
		E9BC80012037CB9500DDDC5B /* Info.plist */ = {isa = PBXFileReference; lastKnownFileType = text.plist.xml; path = Info.plist; sourceTree = "<group>"; };
		E9BC80062037CB9500DDDC5B /* TechMonTests.xctest */ = {isa = PBXFileReference; explicitFileType = wrapper.cfbundle; includeInIndex = 0; path = TechMonTests.xctest; sourceTree = BUILT_PRODUCTS_DIR; };
		E9BC800A2037CB9500DDDC5B /* TechMonTests.swift */ = {isa = PBXFileReference; lastKnownFileType = sourcecode.swift; path = TechMonTests.swift; sourceTree = "<group>"; };
		E9BC800C2037CB9500DDDC5B /* Info.plist */ = {isa = PBXFileReference; lastKnownFileType = text.plist.xml; path = Info.plist; sourceTree = "<group>"; };
		E9BC80112037CB9500DDDC5B /* TechMonUITests.xctest */ = {isa = PBXFileReference; explicitFileType = wrapper.cfbundle; includeInIndex = 0; path = TechMonUITests.xctest; sourceTree = BUILT_PRODUCTS_DIR; };
		E9BC80152037CB9500DDDC5B /* TechMonUITests.swift */ = {isa = PBXFileReference; lastKnownFileType = sourcecode.swift; path = TechMonUITests.swift; sourceTree = "<group>"; };
		E9BC80172037CB9500DDDC5B /* Info.plist */ = {isa = PBXFileReference; lastKnownFileType = text.plist.xml; path = Info.plist; sourceTree = "<group>"; };
		E9BC80242037CBEE00DDDC5B /* Icon */ = {isa = PBXFileReference; fileEncoding = 4; lastKnownFileType = text; path = "Icon"; sourceTree = "<group>"; };
		E9BC80262037CBEE00DDDC5B /* lobby.png */ = {isa = PBXFileReference; lastKnownFileType = image.png; path = lobby.png; sourceTree = "<group>"; };
		E9BC80272037CBEE00DDDC5B /* battlebg.png */ = {isa = PBXFileReference; lastKnownFileType = image.png; path = battlebg.png; sourceTree = "<group>"; };
		E9BC80282037CBEE00DDDC5B /* bgimage.jpg */ = {isa = PBXFileReference; lastKnownFileType = image.jpeg; path = bgimage.jpg; sourceTree = "<group>"; };
		E9BC80292037CBEE00DDDC5B /* Icon */ = {isa = PBXFileReference; fileEncoding = 4; lastKnownFileType = text; path = "Icon"; sourceTree = "<group>"; };
		E9BC802A2037CBEE00DDDC5B /* waku.png */ = {isa = PBXFileReference; lastKnownFileType = image.png; path = waku.png; sourceTree = "<group>"; };
		E9BC802B2037CBEE00DDDC5B /* gold_button.png */ = {isa = PBXFileReference; lastKnownFileType = image.png; path = gold_button.png; sourceTree = "<group>"; };
		E9BC802C2037CBEE00DDDC5B /* yusya.png */ = {isa = PBXFileReference; lastKnownFileType = image.png; path = yusya.png; sourceTree = "<group>"; };
		E9BC802D2037CBEE00DDDC5B /* monster.png */ = {isa = PBXFileReference; lastKnownFileType = image.png; path = monster.png; sourceTree = "<group>"; };
		E9BC802F2037CBEE00DDDC5B /* Icon */ = {isa = PBXFileReference; fileEncoding = 4; lastKnownFileType = text; path = "Icon"; sourceTree = "<group>"; };
		E9BC80302037CBEE00DDDC5B /* TechMonManager.swift */ = {isa = PBXFileReference; fileEncoding = 4; lastKnownFileType = sourcecode.swift; path = TechMonManager.swift; sourceTree = "<group>"; };
		E9BC80312037CBEE00DDDC5B /* Character.swift */ = {isa = PBXFileReference; fileEncoding = 4; lastKnownFileType = sourcecode.swift; path = Character.swift; sourceTree = "<group>"; };
		E9BC80332037CBEE00DDDC5B /* SE_fanfare.mp3 */ = {isa = PBXFileReference; lastKnownFileType = audio.mp3; path = SE_fanfare.mp3; sourceTree = "<group>"; };
		E9BC80342037CBEE00DDDC5B /* BGM_battle001.mp3 */ = {isa = PBXFileReference; lastKnownFileType = audio.mp3; path = BGM_battle001.mp3; sourceTree = "<group>"; };
		E9BC80352037CBEE00DDDC5B /* Icon */ = {isa = PBXFileReference; fileEncoding = 4; lastKnownFileType = text; path = "Icon"; sourceTree = "<group>"; };
		E9BC80362037CBEE00DDDC5B /* SE_fire.mp3 */ = {isa = PBXFileReference; lastKnownFileType = audio.mp3; path = SE_fire.mp3; sourceTree = "<group>"; };
		E9BC80372037CBEE00DDDC5B /* SE_attack.mp3 */ = {isa = PBXFileReference; lastKnownFileType = audio.mp3; path = SE_attack.mp3; sourceTree = "<group>"; };
		E9BC80382037CBEE00DDDC5B /* SE_gameover.mp3 */ = {isa = PBXFileReference; lastKnownFileType = audio.mp3; path = SE_gameover.mp3; sourceTree = "<group>"; };
		E9BC80392037CBEE00DDDC5B /* SE_charge.mp3 */ = {isa = PBXFileReference; lastKnownFileType = audio.mp3; path = SE_charge.mp3; sourceTree = "<group>"; };
		E9BC803A2037CBEE00DDDC5B /* lobby.mp3 */ = {isa = PBXFileReference; lastKnownFileType = audio.mp3; path = lobby.mp3; sourceTree = "<group>"; };
		E9BC803C2037CBEE00DDDC5B /* Icon */ = {isa = PBXFileReference; fileEncoding = 4; lastKnownFileType = text; path = "Icon"; sourceTree = "<group>"; };
		E9BC803D2037CBEE00DDDC5B /* misaki_gothic.ttf */ = {isa = PBXFileReference; lastKnownFileType = file; path = misaki_gothic.ttf; sourceTree = "<group>"; };
		E9BC80542037D27C00DDDC5B /* LobbyViewController.swift */ = {isa = PBXFileReference; lastKnownFileType = sourcecode.swift; path = LobbyViewController.swift; sourceTree = "<group>"; };
		E9BC80562037D2B100DDDC5B /* BattleViewController.swift */ = {isa = PBXFileReference; lastKnownFileType = sourcecode.swift; path = BattleViewController.swift; sourceTree = "<group>"; };
/* End PBXFileReference section */

/* Begin PBXFrameworksBuildPhase section */
		E9BC7FEF2037CB9500DDDC5B /* Frameworks */ = {
			isa = PBXFrameworksBuildPhase;
			buildActionMask = 2147483647;
			files = (
			);
			runOnlyForDeploymentPostprocessing = 0;
		};
		E9BC80032037CB9500DDDC5B /* Frameworks */ = {
			isa = PBXFrameworksBuildPhase;
			buildActionMask = 2147483647;
			files = (
			);
			runOnlyForDeploymentPostprocessing = 0;
		};
		E9BC800E2037CB9500DDDC5B /* Frameworks */ = {
			isa = PBXFrameworksBuildPhase;
			buildActionMask = 2147483647;
			files = (
			);
			runOnlyForDeploymentPostprocessing = 0;
		};
/* End PBXFrameworksBuildPhase section */

/* Begin PBXGroup section */
		E9BC7FE92037CB9500DDDC5B = {
			isa = PBXGroup;
			children = (
				E9BC7FF42037CB9500DDDC5B /* TechMon */,
				E9BC80092037CB9500DDDC5B /* TechMonTests */,
				E9BC80142037CB9500DDDC5B /* TechMonUITests */,
				E9BC7FF32037CB9500DDDC5B /* Products */,
			);
			sourceTree = "<group>";
		};
		E9BC7FF32037CB9500DDDC5B /* Products */ = {
			isa = PBXGroup;
			children = (
				E9BC7FF22037CB9500DDDC5B /* TechMon.app */,
				E9BC80062037CB9500DDDC5B /* TechMonTests.xctest */,
				E9BC80112037CB9500DDDC5B /* TechMonUITests.xctest */,
			);
			name = Products;
			sourceTree = "<group>";
		};
		E9BC7FF42037CB9500DDDC5B /* TechMon */ = {
			isa = PBXGroup;
			children = (
				E9BC80232037CBEE00DDDC5B /* TechMon_Resource */,
				E9BC7FF52037CB9500DDDC5B /* AppDelegate.swift */,
				E9BC7FF72037CB9500DDDC5B /* ViewController.swift */,
				E9BC7FF92037CB9500DDDC5B /* Main.storyboard */,
				E9BC7FFC2037CB9500DDDC5B /* Assets.xcassets */,
				E9BC7FFE2037CB9500DDDC5B /* LaunchScreen.storyboard */,
				E9BC80012037CB9500DDDC5B /* Info.plist */,
				E9BC80542037D27C00DDDC5B /* LobbyViewController.swift */,
				E9BC80562037D2B100DDDC5B /* BattleViewController.swift */,
			);
			path = TechMon;
			sourceTree = "<group>";
		};
		E9BC80092037CB9500DDDC5B /* TechMonTests */ = {
			isa = PBXGroup;
			children = (
				E9BC800A2037CB9500DDDC5B /* TechMonTests.swift */,
				E9BC800C2037CB9500DDDC5B /* Info.plist */,
			);
			path = TechMonTests;
			sourceTree = "<group>";
		};
		E9BC80142037CB9500DDDC5B /* TechMonUITests */ = {
			isa = PBXGroup;
			children = (
				E9BC80152037CB9500DDDC5B /* TechMonUITests.swift */,
				E9BC80172037CB9500DDDC5B /* Info.plist */,
			);
			path = TechMonUITests;
			sourceTree = "<group>";
		};
		E9BC80232037CBEE00DDDC5B /* TechMon_Resource */ = {
			isa = PBXGroup;
			children = (
				E9BC80242037CBEE00DDDC5B /* Icon */,
				E9BC80252037CBEE00DDDC5B /* Images */,
				E9BC802E2037CBEE00DDDC5B /* Models */,
				E9BC80322037CBEE00DDDC5B /* Sounds */,
				E9BC803B2037CBEE00DDDC5B /* Fonts */,
			);
			path = TechMon_Resource;
			sourceTree = "<group>";
		};
		E9BC80252037CBEE00DDDC5B /* Images */ = {
			isa = PBXGroup;
			children = (
				E9BC80262037CBEE00DDDC5B /* lobby.png */,
				E9BC80272037CBEE00DDDC5B /* battlebg.png */,
				E9BC80282037CBEE00DDDC5B /* bgimage.jpg */,
				E9BC80292037CBEE00DDDC5B /* Icon */,
				E9BC802A2037CBEE00DDDC5B /* waku.png */,
				E9BC802B2037CBEE00DDDC5B /* gold_button.png */,
				E9BC802C2037CBEE00DDDC5B /* yusya.png */,
				E9BC802D2037CBEE00DDDC5B /* monster.png */,
			);
			path = Images;
			sourceTree = "<group>";
		};
		E9BC802E2037CBEE00DDDC5B /* Models */ = {
			isa = PBXGroup;
			children = (
				E9BC802F2037CBEE00DDDC5B /* Icon */,
				E9BC80302037CBEE00DDDC5B /* TechMonManager.swift */,
				E9BC80312037CBEE00DDDC5B /* Character.swift */,
			);
			path = Models;
			sourceTree = "<group>";
		};
		E9BC80322037CBEE00DDDC5B /* Sounds */ = {
			isa = PBXGroup;
			children = (
				E9BC80332037CBEE00DDDC5B /* SE_fanfare.mp3 */,
				E9BC80342037CBEE00DDDC5B /* BGM_battle001.mp3 */,
				E9BC80352037CBEE00DDDC5B /* Icon */,
				E9BC80362037CBEE00DDDC5B /* SE_fire.mp3 */,
				E9BC80372037CBEE00DDDC5B /* SE_attack.mp3 */,
				E9BC80382037CBEE00DDDC5B /* SE_gameover.mp3 */,
				E9BC80392037CBEE00DDDC5B /* SE_charge.mp3 */,
				E9BC803A2037CBEE00DDDC5B /* lobby.mp3 */,
			);
			path = Sounds;
			sourceTree = "<group>";
		};
		E9BC803B2037CBEE00DDDC5B /* Fonts */ = {
			isa = PBXGroup;
			children = (
				E9BC803C2037CBEE00DDDC5B /* Icon */,
				E9BC803D2037CBEE00DDDC5B /* misaki_gothic.ttf */,
			);
			path = Fonts;
			sourceTree = "<group>";
		};
/* End PBXGroup section */

/* Begin PBXNativeTarget section */
		E9BC7FF12037CB9500DDDC5B /* TechMon */ = {
			isa = PBXNativeTarget;
			buildConfigurationList = E9BC801A2037CB9500DDDC5B /* Build configuration list for PBXNativeTarget "TechMon" */;
			buildPhases = (
				E9BC7FEE2037CB9500DDDC5B /* Sources */,
				E9BC7FEF2037CB9500DDDC5B /* Frameworks */,
				E9BC7FF02037CB9500DDDC5B /* Resources */,
			);
			buildRules = (
			);
			dependencies = (
			);
			name = TechMon;
			productName = TechMon;
			productReference = E9BC7FF22037CB9500DDDC5B /* TechMon.app */;
			productType = "com.apple.product-type.application";
		};
		E9BC80052037CB9500DDDC5B /* TechMonTests */ = {
			isa = PBXNativeTarget;
			buildConfigurationList = E9BC801D2037CB9500DDDC5B /* Build configuration list for PBXNativeTarget "TechMonTests" */;
			buildPhases = (
				E9BC80022037CB9500DDDC5B /* Sources */,
				E9BC80032037CB9500DDDC5B /* Frameworks */,
				E9BC80042037CB9500DDDC5B /* Resources */,
			);
			buildRules = (
			);
			dependencies = (
				E9BC80082037CB9500DDDC5B /* PBXTargetDependency */,
			);
			name = TechMonTests;
			productName = TechMonTests;
			productReference = E9BC80062037CB9500DDDC5B /* TechMonTests.xctest */;
			productType = "com.apple.product-type.bundle.unit-test";
		};
		E9BC80102037CB9500DDDC5B /* TechMonUITests */ = {
			isa = PBXNativeTarget;
			buildConfigurationList = E9BC80202037CB9500DDDC5B /* Build configuration list for PBXNativeTarget "TechMonUITests" */;
			buildPhases = (
				E9BC800D2037CB9500DDDC5B /* Sources */,
				E9BC800E2037CB9500DDDC5B /* Frameworks */,
				E9BC800F2037CB9500DDDC5B /* Resources */,
			);
			buildRules = (
			);
			dependencies = (
				E9BC80132037CB9500DDDC5B /* PBXTargetDependency */,
			);
			name = TechMonUITests;
			productName = TechMonUITests;
			productReference = E9BC80112037CB9500DDDC5B /* TechMonUITests.xctest */;
			productType = "com.apple.product-type.bundle.ui-testing";
		};
/* End PBXNativeTarget section */

/* Begin PBXProject section */
		E9BC7FEA2037CB9500DDDC5B /* Project object */ = {
			isa = PBXProject;
			attributes = {
				LastSwiftUpdateCheck = 0920;
				LastUpgradeCheck = 0920;
				ORGANIZATIONNAME = "Haruka Ito";
				TargetAttributes = {
					E9BC7FF12037CB9500DDDC5B = {
						CreatedOnToolsVersion = 9.2;
						ProvisioningStyle = Automatic;
					};
					E9BC80052037CB9500DDDC5B = {
						CreatedOnToolsVersion = 9.2;
						ProvisioningStyle = Automatic;
						TestTargetID = E9BC7FF12037CB9500DDDC5B;
					};
					E9BC80102037CB9500DDDC5B = {
						CreatedOnToolsVersion = 9.2;
						ProvisioningStyle = Automatic;
						TestTargetID = E9BC7FF12037CB9500DDDC5B;
					};
				};
			};
			buildConfigurationList = E9BC7FED2037CB9500DDDC5B /* Build configuration list for PBXProject "TechMon" */;
			compatibilityVersion = "Xcode 8.0";
			developmentRegion = en;
			hasScannedForEncodings = 0;
			knownRegions = (
				en,
				Base,
			);
			mainGroup = E9BC7FE92037CB9500DDDC5B;
			productRefGroup = E9BC7FF32037CB9500DDDC5B /* Products */;
			projectDirPath = "";
			projectRoot = "";
			targets = (
				E9BC7FF12037CB9500DDDC5B /* TechMon */,
				E9BC80052037CB9500DDDC5B /* TechMonTests */,
				E9BC80102037CB9500DDDC5B /* TechMonUITests */,
			);
		};
/* End PBXProject section */

/* Begin PBXResourcesBuildPhase section */
		E9BC7FF02037CB9500DDDC5B /* Resources */ = {
			isa = PBXResourcesBuildPhase;
			buildActionMask = 2147483647;
			files = (
				E9BC80502037CBEF00DDDC5B /* SE_charge.mp3 in Resources */,
				E9BC80512037CBEF00DDDC5B /* lobby.mp3 in Resources */,
				E9BC80412037CBEF00DDDC5B /* bgimage.jpg in Resources */,
				E9BC80002037CB9500DDDC5B /* LaunchScreen.storyboard in Resources */,
				E9BC80462037CBEF00DDDC5B /* monster.png in Resources */,
				E9BC804B2037CBEF00DDDC5B /* BGM_battle001.mp3 in Resources */,
				E9BC80432037CBEF00DDDC5B /* waku.png in Resources */,
				E9BC80472037CBEF00DDDC5B /* Icon in Resources */,
				E9BC80532037CBEF00DDDC5B /* misaki_gothic.ttf in Resources */,
				E9BC804D2037CBEF00DDDC5B /* SE_fire.mp3 in Resources */,
				E9BC80442037CBEF00DDDC5B /* gold_button.png in Resources */,
				E9BC804A2037CBEF00DDDC5B /* SE_fanfare.mp3 in Resources */,
				E9BC80522037CBEF00DDDC5B /* Icon in Resources */,
				E9BC7FFD2037CB9500DDDC5B /* Assets.xcassets in Resources */,
				E9BC80452037CBEF00DDDC5B /* yusya.png in Resources */,
				E9BC80422037CBEF00DDDC5B /* Icon in Resources */,
				E9BC804C2037CBEF00DDDC5B /* Icon in Resources */,
				E9BC7FFB2037CB9500DDDC5B /* Main.storyboard in Resources */,
				E9BC804E2037CBEF00DDDC5B /* SE_attack.mp3 in Resources */,
				E9BC803E2037CBEF00DDDC5B /* Icon in Resources */,
				E9BC80402037CBEF00DDDC5B /* battlebg.png in Resources */,
				E9BC804F2037CBEF00DDDC5B /* SE_gameover.mp3 in Resources */,
				E9BC803F2037CBEF00DDDC5B /* lobby.png in Resources */,
			);
			runOnlyForDeploymentPostprocessing = 0;
		};
		E9BC80042037CB9500DDDC5B /* Resources */ = {
			isa = PBXResourcesBuildPhase;
			buildActionMask = 2147483647;
			files = (
			);
			runOnlyForDeploymentPostprocessing = 0;
		};
		E9BC800F2037CB9500DDDC5B /* Resources */ = {
			isa = PBXResourcesBuildPhase;
			buildActionMask = 2147483647;
			files = (
			);
			runOnlyForDeploymentPostprocessing = 0;
		};
/* End PBXResourcesBuildPhase section */

/* Begin PBXSourcesBuildPhase section */
		E9BC7FEE2037CB9500DDDC5B /* Sources */ = {
			isa = PBXSourcesBuildPhase;
			buildActionMask = 2147483647;
			files = (
				E9BC80572037D2B100DDDC5B /* BattleViewController.swift in Sources */,
				E9BC80482037CBEF00DDDC5B /* TechMonManager.swift in Sources */,
				E9BC80552037D27C00DDDC5B /* LobbyViewController.swift in Sources */,
				E9BC7FF82037CB9500DDDC5B /* ViewController.swift in Sources */,
				E9BC7FF62037CB9500DDDC5B /* AppDelegate.swift in Sources */,
				E9BC80492037CBEF00DDDC5B /* Character.swift in Sources */,
			);
			runOnlyForDeploymentPostprocessing = 0;
		};
		E9BC80022037CB9500DDDC5B /* Sources */ = {
			isa = PBXSourcesBuildPhase;
			buildActionMask = 2147483647;
			files = (
				E9BC800B2037CB9500DDDC5B /* TechMonTests.swift in Sources */,
			);
			runOnlyForDeploymentPostprocessing = 0;
		};
		E9BC800D2037CB9500DDDC5B /* Sources */ = {
			isa = PBXSourcesBuildPhase;
			buildActionMask = 2147483647;
			files = (
				E9BC80162037CB9500DDDC5B /* TechMonUITests.swift in Sources */,
			);
			runOnlyForDeploymentPostprocessing = 0;
		};
/* End PBXSourcesBuildPhase section */

/* Begin PBXTargetDependency section */
		E9BC80082037CB9500DDDC5B /* PBXTargetDependency */ = {
			isa = PBXTargetDependency;
			target = E9BC7FF12037CB9500DDDC5B /* TechMon */;
			targetProxy = E9BC80072037CB9500DDDC5B /* PBXContainerItemProxy */;
		};
		E9BC80132037CB9500DDDC5B /* PBXTargetDependency */ = {
			isa = PBXTargetDependency;
			target = E9BC7FF12037CB9500DDDC5B /* TechMon */;
			targetProxy = E9BC80122037CB9500DDDC5B /* PBXContainerItemProxy */;
		};
/* End PBXTargetDependency section */

/* Begin PBXVariantGroup section */
		E9BC7FF92037CB9500DDDC5B /* Main.storyboard */ = {
			isa = PBXVariantGroup;
			children = (
				E9BC7FFA2037CB9500DDDC5B /* Base */,
			);
			name = Main.storyboard;
			sourceTree = "<group>";
		};
		E9BC7FFE2037CB9500DDDC5B /* LaunchScreen.storyboard */ = {
			isa = PBXVariantGroup;
			children = (
				E9BC7FFF2037CB9500DDDC5B /* Base */,
			);
			name = LaunchScreen.storyboard;
			sourceTree = "<group>";
		};
/* End PBXVariantGroup section */

/* Begin XCBuildConfiguration section */
		E9BC80182037CB9500DDDC5B /* Debug */ = {
			isa = XCBuildConfiguration;
			buildSettings = {
				ALWAYS_SEARCH_USER_PATHS = NO;
				CLANG_ANALYZER_NONNULL = YES;
				CLANG_ANALYZER_NUMBER_OBJECT_CONVERSION = YES_AGGRESSIVE;
				CLANG_CXX_LANGUAGE_STANDARD = "gnu++14";
				CLANG_CXX_LIBRARY = "libc++";
				CLANG_ENABLE_MODULES = YES;
				CLANG_ENABLE_OBJC_ARC = YES;
				CLANG_WARN_BLOCK_CAPTURE_AUTORELEASING = YES;
				CLANG_WARN_BOOL_CONVERSION = YES;
				CLANG_WARN_COMMA = YES;
				CLANG_WARN_CONSTANT_CONVERSION = YES;
				CLANG_WARN_DIRECT_OBJC_ISA_USAGE = YES_ERROR;
				CLANG_WARN_DOCUMENTATION_COMMENTS = YES;
				CLANG_WARN_EMPTY_BODY = YES;
				CLANG_WARN_ENUM_CONVERSION = YES;
				CLANG_WARN_INFINITE_RECURSION = YES;
				CLANG_WARN_INT_CONVERSION = YES;
				CLANG_WARN_NON_LITERAL_NULL_CONVERSION = YES;
				CLANG_WARN_OBJC_LITERAL_CONVERSION = YES;
				CLANG_WARN_OBJC_ROOT_CLASS = YES_ERROR;
				CLANG_WARN_RANGE_LOOP_ANALYSIS = YES;
				CLANG_WARN_STRICT_PROTOTYPES = YES;
				CLANG_WARN_SUSPICIOUS_MOVE = YES;
				CLANG_WARN_UNGUARDED_AVAILABILITY = YES_AGGRESSIVE;
				CLANG_WARN_UNREACHABLE_CODE = YES;
				CLANG_WARN__DUPLICATE_METHOD_MATCH = YES;
				CODE_SIGN_IDENTITY = "iPhone Developer";
				COPY_PHASE_STRIP = NO;
				DEBUG_INFORMATION_FORMAT = dwarf;
				ENABLE_STRICT_OBJC_MSGSEND = YES;
				ENABLE_TESTABILITY = YES;
				GCC_C_LANGUAGE_STANDARD = gnu11;
				GCC_DYNAMIC_NO_PIC = NO;
				GCC_NO_COMMON_BLOCKS = YES;
				GCC_OPTIMIZATION_LEVEL = 0;
				GCC_PREPROCESSOR_DEFINITIONS = (
					"DEBUG=1",
					"$(inherited)",
				);
				GCC_WARN_64_TO_32_BIT_CONVERSION = YES;
				GCC_WARN_ABOUT_RETURN_TYPE = YES_ERROR;
				GCC_WARN_UNDECLARED_SELECTOR = YES;
				GCC_WARN_UNINITIALIZED_AUTOS = YES_AGGRESSIVE;
				GCC_WARN_UNUSED_FUNCTION = YES;
				GCC_WARN_UNUSED_VARIABLE = YES;
				IPHONEOS_DEPLOYMENT_TARGET = 11.2;
				MTL_ENABLE_DEBUG_INFO = YES;
				ONLY_ACTIVE_ARCH = YES;
				SDKROOT = iphoneos;
				SWIFT_ACTIVE_COMPILATION_CONDITIONS = DEBUG;
				SWIFT_OPTIMIZATION_LEVEL = "-Onone";
			};
			name = Debug;
		};
		E9BC80192037CB9500DDDC5B /* Release */ = {
			isa = XCBuildConfiguration;
			buildSettings = {
				ALWAYS_SEARCH_USER_PATHS = NO;
				CLANG_ANALYZER_NONNULL = YES;
				CLANG_ANALYZER_NUMBER_OBJECT_CONVERSION = YES_AGGRESSIVE;
				CLANG_CXX_LANGUAGE_STANDARD = "gnu++14";
				CLANG_CXX_LIBRARY = "libc++";
				CLANG_ENABLE_MODULES = YES;
				CLANG_ENABLE_OBJC_ARC = YES;
				CLANG_WARN_BLOCK_CAPTURE_AUTORELEASING = YES;
				CLANG_WARN_BOOL_CONVERSION = YES;
				CLANG_WARN_COMMA = YES;
				CLANG_WARN_CONSTANT_CONVERSION = YES;
				CLANG_WARN_DIRECT_OBJC_ISA_USAGE = YES_ERROR;
				CLANG_WARN_DOCUMENTATION_COMMENTS = YES;
				CLANG_WARN_EMPTY_BODY = YES;
				CLANG_WARN_ENUM_CONVERSION = YES;
				CLANG_WARN_INFINITE_RECURSION = YES;
				CLANG_WARN_INT_CONVERSION = YES;
				CLANG_WARN_NON_LITERAL_NULL_CONVERSION = YES;
				CLANG_WARN_OBJC_LITERAL_CONVERSION = YES;
				CLANG_WARN_OBJC_ROOT_CLASS = YES_ERROR;
				CLANG_WARN_RANGE_LOOP_ANALYSIS = YES;
				CLANG_WARN_STRICT_PROTOTYPES = YES;
				CLANG_WARN_SUSPICIOUS_MOVE = YES;
				CLANG_WARN_UNGUARDED_AVAILABILITY = YES_AGGRESSIVE;
				CLANG_WARN_UNREACHABLE_CODE = YES;
				CLANG_WARN__DUPLICATE_METHOD_MATCH = YES;
				CODE_SIGN_IDENTITY = "iPhone Developer";
				COPY_PHASE_STRIP = NO;
				DEBUG_INFORMATION_FORMAT = "dwarf-with-dsym";
				ENABLE_NS_ASSERTIONS = NO;
				ENABLE_STRICT_OBJC_MSGSEND = YES;
				GCC_C_LANGUAGE_STANDARD = gnu11;
				GCC_NO_COMMON_BLOCKS = YES;
				GCC_WARN_64_TO_32_BIT_CONVERSION = YES;
				GCC_WARN_ABOUT_RETURN_TYPE = YES_ERROR;
				GCC_WARN_UNDECLARED_SELECTOR = YES;
				GCC_WARN_UNINITIALIZED_AUTOS = YES_AGGRESSIVE;
				GCC_WARN_UNUSED_FUNCTION = YES;
				GCC_WARN_UNUSED_VARIABLE = YES;
				IPHONEOS_DEPLOYMENT_TARGET = 11.2;
				MTL_ENABLE_DEBUG_INFO = NO;
				SDKROOT = iphoneos;
				SWIFT_OPTIMIZATION_LEVEL = "-Owholemodule";
				VALIDATE_PRODUCT = YES;
			};
			name = Release;
		};
		E9BC801B2037CB9500DDDC5B /* Debug */ = {
			isa = XCBuildConfiguration;
			buildSettings = {
				ASSETCATALOG_COMPILER_APPICON_NAME = AppIcon;
				CODE_SIGN_STYLE = Automatic;
				INFOPLIST_FILE = TechMon/Info.plist;
				LD_RUNPATH_SEARCH_PATHS = "$(inherited) @executable_path/Frameworks";
				PRODUCT_BUNDLE_IDENTIFIER = com.litech.TechMon;
				PRODUCT_NAME = "$(TARGET_NAME)";
				SWIFT_VERSION = 4.0;
				TARGETED_DEVICE_FAMILY = "1,2";
			};
			name = Debug;
		};
		E9BC801C2037CB9500DDDC5B /* Release */ = {
			isa = XCBuildConfiguration;
			buildSettings = {
				ASSETCATALOG_COMPILER_APPICON_NAME = AppIcon;
				CODE_SIGN_STYLE = Automatic;
				INFOPLIST_FILE = TechMon/Info.plist;
				LD_RUNPATH_SEARCH_PATHS = "$(inherited) @executable_path/Frameworks";
				PRODUCT_BUNDLE_IDENTIFIER = com.litech.TechMon;
				PRODUCT_NAME = "$(TARGET_NAME)";
				SWIFT_VERSION = 4.0;
				TARGETED_DEVICE_FAMILY = "1,2";
			};
			name = Release;
		};
		E9BC801E2037CB9500DDDC5B /* Debug */ = {
			isa = XCBuildConfiguration;
			buildSettings = {
				ALWAYS_EMBED_SWIFT_STANDARD_LIBRARIES = YES;
				BUNDLE_LOADER = "$(TEST_HOST)";
				CODE_SIGN_STYLE = Automatic;
				INFOPLIST_FILE = TechMonTests/Info.plist;
				LD_RUNPATH_SEARCH_PATHS = "$(inherited) @executable_path/Frameworks @loader_path/Frameworks";
				PRODUCT_BUNDLE_IDENTIFIER = com.litech.TechMonTests;
				PRODUCT_NAME = "$(TARGET_NAME)";
				SWIFT_VERSION = 4.0;
				TARGETED_DEVICE_FAMILY = "1,2";
				TEST_HOST = "$(BUILT_PRODUCTS_DIR)/TechMon.app/TechMon";
			};
			name = Debug;
		};
		E9BC801F2037CB9500DDDC5B /* Release */ = {
			isa = XCBuildConfiguration;
			buildSettings = {
				ALWAYS_EMBED_SWIFT_STANDARD_LIBRARIES = YES;
				BUNDLE_LOADER = "$(TEST_HOST)";
				CODE_SIGN_STYLE = Automatic;
				INFOPLIST_FILE = TechMonTests/Info.plist;
				LD_RUNPATH_SEARCH_PATHS = "$(inherited) @executable_path/Frameworks @loader_path/Frameworks";
				PRODUCT_BUNDLE_IDENTIFIER = com.litech.TechMonTests;
				PRODUCT_NAME = "$(TARGET_NAME)";
				SWIFT_VERSION = 4.0;
				TARGETED_DEVICE_FAMILY = "1,2";
				TEST_HOST = "$(BUILT_PRODUCTS_DIR)/TechMon.app/TechMon";
			};
			name = Release;
		};
		E9BC80212037CB9500DDDC5B /* Debug */ = {
			isa = XCBuildConfiguration;
			buildSettings = {
				ALWAYS_EMBED_SWIFT_STANDARD_LIBRARIES = YES;
				CODE_SIGN_STYLE = Automatic;
				INFOPLIST_FILE = TechMonUITests/Info.plist;
				LD_RUNPATH_SEARCH_PATHS = "$(inherited) @executable_path/Frameworks @loader_path/Frameworks";
				PRODUCT_BUNDLE_IDENTIFIER = com.litech.TechMonUITests;
				PRODUCT_NAME = "$(TARGET_NAME)";
				SWIFT_VERSION = 4.0;
				TARGETED_DEVICE_FAMILY = "1,2";
				TEST_TARGET_NAME = TechMon;
			};
			name = Debug;
		};
		E9BC80222037CB9500DDDC5B /* Release */ = {
			isa = XCBuildConfiguration;
			buildSettings = {
				ALWAYS_EMBED_SWIFT_STANDARD_LIBRARIES = YES;
				CODE_SIGN_STYLE = Automatic;
				INFOPLIST_FILE = TechMonUITests/Info.plist;
				LD_RUNPATH_SEARCH_PATHS = "$(inherited) @executable_path/Frameworks @loader_path/Frameworks";
				PRODUCT_BUNDLE_IDENTIFIER = com.litech.TechMonUITests;
				PRODUCT_NAME = "$(TARGET_NAME)";
				SWIFT_VERSION = 4.0;
				TARGETED_DEVICE_FAMILY = "1,2";
				TEST_TARGET_NAME = TechMon;
			};
			name = Release;
		};
/* End XCBuildConfiguration section */

/* Begin XCConfigurationList section */
		E9BC7FED2037CB9500DDDC5B /* Build configuration list for PBXProject "TechMon" */ = {
			isa = XCConfigurationList;
			buildConfigurations = (
				E9BC80182037CB9500DDDC5B /* Debug */,
				E9BC80192037CB9500DDDC5B /* Release */,
			);
			defaultConfigurationIsVisible = 0;
			defaultConfigurationName = Release;
		};
		E9BC801A2037CB9500DDDC5B /* Build configuration list for PBXNativeTarget "TechMon" */ = {
			isa = XCConfigurationList;
			buildConfigurations = (
				E9BC801B2037CB9500DDDC5B /* Debug */,
				E9BC801C2037CB9500DDDC5B /* Release */,
			);
			defaultConfigurationIsVisible = 0;
			defaultConfigurationName = Release;
		};
		E9BC801D2037CB9500DDDC5B /* Build configuration list for PBXNativeTarget "TechMonTests" */ = {
			isa = XCConfigurationList;
			buildConfigurations = (
				E9BC801E2037CB9500DDDC5B /* Debug */,
				E9BC801F2037CB9500DDDC5B /* Release */,
			);
			defaultConfigurationIsVisible = 0;
			defaultConfigurationName = Release;
		};
		E9BC80202037CB9500DDDC5B /* Build configuration list for PBXNativeTarget "TechMonUITests" */ = {
			isa = XCConfigurationList;
			buildConfigurations = (
				E9BC80212037CB9500DDDC5B /* Debug */,
				E9BC80222037CB9500DDDC5B /* Release */,
			);
			defaultConfigurationIsVisible = 0;
			defaultConfigurationName = Release;
		};
/* End XCConfigurationList section */
	};
	rootObject = E9BC7FEA2037CB9500DDDC5B /* Project object */;
}
